
Microsoft Visual Studio Solution File, Format Version 12.00
# Visual Studio Version 16
VisualStudioVersion = 16.0.30804.86
MinimumVisualStudioVersion = 10.0.40219.1
Project("{FAE04EC0-301F-11D3-BF4B-00C04F79EFBC}") = "ProjetoMarketing", "ProjetoMarketing\ProjetoMarketing.csproj", "{D39BAED4-3EA5-4260-BE19-6A6B8F3D1D17}"
EndProject
Global
	GlobalSection(SolutionConfigurationPlatforms) = preSolution
		Debug|Any CPU = Debug|Any CPU
		Release|Any CPU = Release|Any CPU
	EndGlobalSection
	GlobalSection(ProjectConfigurationPlatforms) = postSolution
		{D39BAED4-3EA5-4260-BE19-6A6B8F3D1D17}.Debug|Any CPU.ActiveCfg = Debug|Any CPU
		{D39BAED4-3EA5-4260-BE19-6A6B8F3D1D17}.Debug|Any CPU.Build.0 = Debug|Any CPU
		{D39BAED4-3EA5-4260-BE19-6A6B8F3D1D17}.Release|Any CPU.ActiveCfg = Release|Any CPU
		{D39BAED4-3EA5-4260-BE19-6A6B8F3D1D17}.Release|Any CPU.Build.0 = Release|Any CPU
	EndGlobalSection
	GlobalSection(SolutionProperties) = preSolution
		HideSolutionNode = FALSE
	EndGlobalSection
	GlobalSection(ExtensibilityGlobals) = postSolution
		SolutionGuid = {630B2E7E-30EF-4FC3-BC05-81BDE9FBFE64}
	EndGlobalSection
EndGlobal
